{
  "name": "eventador",
  "version": "2.0.0",
  "lockfileVersion": 2,
  "requires": true,
  "packages": {
    "": {
      "name": "eventador",
      "version": "2.0.0",
      "license": "MIT",
      "dependencies": {
        "lewibs-keylogger": "^1.0.5",
        "uuid": "^8.3.2"
      }
    },
    "node_modules/lewibs-keylogger": {
      "version": "1.0.5",
      "resolved": "https://registry.npmjs.org/lewibs-keylogger/-/lewibs-keylogger-1.0.5.tgz",
      "integrity": "sha512-mcXLs/ret3dtMH4d7diekqKyphdrlxPmotzS3+gKD65xi8UxA/AJm/6HvQXKY2q2fqCJXSklbQeg1M9QPRtn+A=="
    },
    "node_modules/uuid": {
      "version": "8.3.2",
      "resolved": "https://registry.npmjs.org/uuid/-/uuid-8.3.2.tgz",
      "integrity": "sha512-+NYs2QeMWy+GWFOEm9xnn6HCDp0l7QBD7ml8zLUmJ+93Q5NF0NocErnwkTkXVFNiX3/fpC6afS8Dhb/gz7R7eg==",
      "bin": {
        "uuid": "dist/bin/uuid"
      }
    }
  },
  "dependencies": {
    "lewibs-keylogger": {
      "version": "1.0.5",
      "resolved": "https://registry.npmjs.org/lewibs-keylogger/-/lewibs-keylogger-1.0.5.tgz",
      "integrity": "sha512-mcXLs/ret3dtMH4d7diekqKyphdrlxPmotzS3+gKD65xi8UxA/AJm/6HvQXKY2q2fqCJXSklbQeg1M9QPRtn+A=="
    },
    "uuid": {
      "version": "8.3.2",
      "resolved": "https://registry.npmjs.org/uuid/-/uuid-8.3.2.tgz",
      "integrity": "sha512-+NYs2QeMWy+GWFOEm9xnn6HCDp0l7QBD7ml8zLUmJ+93Q5NF0NocErnwkTkXVFNiX3/fpC6afS8Dhb/gz7R7eg=="
    }
  }
}
